
Microsoft Visual Studio Solution File, Format Version 12.00
# Visual Studio Version 17
VisualStudioVersion = 17.11.35312.102
MinimumVisualStudioVersion = 10.0.40219.1
Project("{FAE04EC0-301F-11D3-BF4B-00C04F79EFBC}") = "Demo.WebApi", "Demo.WebApi\Demo.WebApi.csproj", "{BB914F08-984E-4D8F-829B-1C43987A7DB2}"
EndProject
Global
	GlobalSection(SolutionConfigurationPlatforms) = preSolution
		Debug|Any CPU = Debug|Any CPU
		Release|Any CPU = Release|Any CPU
	EndGlobalSection
	GlobalSection(ProjectConfigurationPlatforms) = postSolution
		{BB914F08-984E-4D8F-829B-1C43987A7DB2}.Debug|Any CPU.ActiveCfg = Debug|Any CPU
		{BB914F08-984E-4D8F-829B-1C43987A7DB2}.Debug|Any CPU.Build.0 = Debug|Any CPU
		{BB914F08-984E-4D8F-829B-1C43987A7DB2}.Release|Any CPU.ActiveCfg = Release|Any CPU
		{BB914F08-984E-4D8F-829B-1C43987A7DB2}.Release|Any CPU.Build.0 = Release|Any CPU
	EndGlobalSection
	GlobalSection(SolutionProperties) = preSolution
		HideSolutionNode = FALSE
	EndGlobalSection
	GlobalSection(ExtensibilityGlobals) = postSolution
		SolutionGuid = {D2183699-B6A5-4A16-902A-F57471B0437D}
	EndGlobalSection
EndGlobal
